
Microsoft Visual Studio Solution File, Format Version 12.00
# Visual Studio Version 17
VisualStudioVersion = 17.8.34330.188
MinimumVisualStudioVersion = 10.0.40219.1
Project("{FAE04EC0-301F-11D3-BF4B-00C04F79EFBC}") = "JenkisDemo", "JenkisDemo\JenkisDemo.csproj", "{B33231CE-66B3-4B30-A627-035428F3B5A7}"
EndProject
Project("{FAE04EC0-301F-11D3-BF4B-00C04F79EFBC}") = "TestProject1", "TestProject1\TestProject1.csproj", "{F858B80C-7CF5-4143-B06B-7A1A7684891B}"
EndProject
Global
	GlobalSection(SolutionConfigurationPlatforms) = preSolution
		Debug|Any CPU = Debug|Any CPU
		Release|Any CPU = Release|Any CPU
	EndGlobalSection
	GlobalSection(ProjectConfigurationPlatforms) = postSolution
		{B33231CE-66B3-4B30-A627-035428F3B5A7}.Debug|Any CPU.ActiveCfg = Debug|Any CPU
		{B33231CE-66B3-4B30-A627-035428F3B5A7}.Debug|Any CPU.Build.0 = Debug|Any CPU
		{B33231CE-66B3-4B30-A627-035428F3B5A7}.Release|Any CPU.ActiveCfg = Release|Any CPU
		{B33231CE-66B3-4B30-A627-035428F3B5A7}.Release|Any CPU.Build.0 = Release|Any CPU
		{F858B80C-7CF5-4143-B06B-7A1A7684891B}.Debug|Any CPU.ActiveCfg = Debug|Any CPU
		{F858B80C-7CF5-4143-B06B-7A1A7684891B}.Debug|Any CPU.Build.0 = Debug|Any CPU
		{F858B80C-7CF5-4143-B06B-7A1A7684891B}.Release|Any CPU.ActiveCfg = Release|Any CPU
		{F858B80C-7CF5-4143-B06B-7A1A7684891B}.Release|Any CPU.Build.0 = Release|Any CPU
	EndGlobalSection
	GlobalSection(SolutionProperties) = preSolution
		HideSolutionNode = FALSE
	EndGlobalSection
	GlobalSection(ExtensibilityGlobals) = postSolution
		SolutionGuid = {C5B4E616-58D5-46BD-945E-F727A383D46A}
	EndGlobalSection
EndGlobal
